PODS:
  - BluesnapSDK (1.3.6):
    - BluesnapSDK/DataCollector (= 1.3.6)
  - BluesnapSDK/DataCollector (1.3.6)
  - Flutter (1.0.0)
  - flutter_bluesnap (0.0.1):
    - BluesnapSDK (~> 1.3.6)
    - BluesnapSDK/DataCollector (~> 1.3.6)
    - Flutter

DEPENDENCIES:
  - Flutter (from `Flutter`)
  - flutter_bluesnap (from `.symlinks/plugins/flutter_bluesnap/ios`)

SPEC REPOS:
  trunk:
    - BluesnapSDK

EXTERNAL SOURCES:
  Flutter:
    :path: Flutter
  flutter_bluesnap:
    :path: ".symlinks/plugins/flutter_bluesnap/ios"

SPEC CHECKSUMS:
  BluesnapSDK: 845949f6d19f6a1e24c823b69ebda2cc84ac172e
  Flutter: 0e3d915762c693b495b44d77113d4970485de6ec
  flutter_bluesnap: 0a8e6126f954d39d061927859133b431d9018b3f

PODFILE CHECKSUM: 1b66dae606f75376c5f2135a8290850eeb09ae83

COCOAPODS: 1.9.1
